PODS:
  - advance_pdf_viewer (1.0.5):
    - Flutter
  - Flutter (1.0.0)
  - flutter_config (0.0.1):
    - Flutter
  - flutter_email_sender (0.0.1):
    - Flutter
  - FMDB (2.7.5):
    - FMDB/standard (= 2.7.5)
  - FMDB/standard (2.7.5)
  - MTBBarcodeScanner (5.0.11)
  - open_settings (0.0.1):
    - Flutter
  - path_provider_foundation (0.0.1):
    - Flutter
    - FlutterMacOS
  - qr_code_scanner (0.2.0):
    - Flutter
    - MTBBarcodeScanner
  - share (0.0.1):
    - Flutter
  - sqflite (0.0.3):
    - Flutter
    - FMDB (>= 2.7.5)

DEPENDENCIES:
  - advance_pdf_viewer (from `.symlinks/plugins/advance_pdf_viewer/ios`)
  - Flutter (from `Flutter`)
  - flutter_config (from `.symlinks/plugins/flutter_config/ios`)
  - flutter_email_sender (from `.symlinks/plugins/flutter_email_sender/ios`)
  - open_settings (from `.symlinks/plugins/open_settings/ios`)
  - path_provider_foundation (from `.symlinks/plugins/path_provider_foundation/darwin`)
  - qr_code_scanner (from `.symlinks/plugins/qr_code_scanner/ios`)
  - share (from `.symlinks/plugins/share/ios`)
  - sqflite (from `.symlinks/plugins/sqflite/ios`)

SPEC REPOS:
  trunk:
    - FMDB
    - MTBBarcodeScanner

EXTERNAL SOURCES:
  advance_pdf_viewer:
    :path: ".symlinks/plugins/advance_pdf_viewer/ios"
  Flutter:
    :path: Flutter
  flutter_config:
    :path: ".symlinks/plugins/flutter_config/ios"
  flutter_email_sender:
    :path: ".symlinks/plugins/flutter_email_sender/ios"
  open_settings:
    :path: ".symlinks/plugins/open_settings/ios"
  path_provider_foundation:
    :path: ".symlinks/plugins/path_provider_foundation/darwin"
  qr_code_scanner:
    :path: ".symlinks/plugins/qr_code_scanner/ios"
  share:
    :path: ".symlinks/plugins/share/ios"
  sqflite:
    :path: ".symlinks/plugins/sqflite/ios"

SPEC CHECKSUMS:
  advance_pdf_viewer: 5c832f382b4ca84fe735f893b7e91aa830c27d7b
  Flutter: f04841e97a9d0b0a8025694d0796dd46242b2854
  flutter_config: f48f0d47a284f1791aacce2687eabb3309ba7a41
  flutter_email_sender: 02d7443217d8c41483223627972bfdc09f74276b
  FMDB: 2ce00b547f966261cd18927a3ddb07cb6f3db82a
  MTBBarcodeScanner: f453b33c4b7dfe545d8c6484ed744d55671788cb
  open_settings: 9628e736cb2738fd1dc84159565755c214478158
  path_provider_foundation: 29f094ae23ebbca9d3d0cec13889cd9060c0e943
  qr_code_scanner: bb67d64904c3b9658ada8c402e8b4d406d5d796e
  share: 0b2c3e82132f5888bccca3351c504d0003b3b410
  sqflite: 31f7eba61e3074736dff8807a9b41581e4f7f15a

PODFILE CHECKSUM: 70d9d25280d0dd177a5f637cdb0f0b0b12c6a189

COCOAPODS: 1.14.3
